
Microsoft Visual Studio Solution File, Format Version 12.00
Project("{FAE04EC0-301F-11D3-BF4B-00C04F79EFBC}") = "DotNetFrameworkMcpServer", "DotNetFrameworkMcpServer\DotNetFrameworkMcpServer.csproj", "{F8123073-4D7B-4F91-9EA4-8FC9013D868F}"
EndProject
Global
	GlobalSection(SolutionConfigurationPlatforms) = preSolution
		Debug|Any CPU = Debug|Any CPU
		Release|Any CPU = Release|Any CPU
	EndGlobalSection
	GlobalSection(ProjectConfigurationPlatforms) = postSolution
		{F8123073-4D7B-4F91-9EA4-8FC9013D868F}.Debug|Any CPU.ActiveCfg = Debug|Any CPU
		{F8123073-4D7B-4F91-9EA4-8FC9013D868F}.Debug|Any CPU.Build.0 = Debug|Any CPU
		{F8123073-4D7B-4F91-9EA4-8FC9013D868F}.Release|Any CPU.ActiveCfg = Release|Any CPU
		{F8123073-4D7B-4F91-9EA4-8FC9013D868F}.Release|Any CPU.Build.0 = Release|Any CPU
	EndGlobalSection
EndGlobal
